
Microsoft Visual Studio Solution File, Format Version 12.00
# Visual Studio 15
VisualStudioVersion = 15.0.26430.16
MinimumVisualStudioVersion = 10.0.40219.1
Project("{FAE04EC0-301F-11D3-BF4B-00C04F79EFBC}") = "AzureCosmosDBA", "AzureCosmosDBA\AzureCosmosDBA.csproj", "{D8AF8F48-59DD-4CDE-9550-8789577328AC}"
EndProject
Project("{FAE04EC0-301F-11D3-BF4B-00C04F79EFBC}") = "AzureCosmosDBA.Tests", "AzureCosmosDBA.Tests\AzureCosmosDBA.Tests.csproj", "{848656AB-20C8-48CA-81C2-31A4355EE1C0}"
EndProject
Project("{FAE04EC0-301F-11D3-BF4B-00C04F79EFBC}") = "AzureCosmosDBA.Models", "AzureCosmosDBA.Models\AzureCosmosDBA.Models.csproj", "{9FB73090-8E99-44BF-B1F9-FC90A5D48D26}"
EndProject
Project("{FAE04EC0-301F-11D3-BF4B-00C04F79EFBC}") = "AzureCosmosDBA.Data", "AzureCosmosDBA.Data\AzureCosmosDBA.Data.csproj", "{4B3202EA-546C-4C94-8FC3-E1B96A4AE03D}"
EndProject
Global
	GlobalSection(SolutionConfigurationPlatforms) = preSolution
		Debug|Any CPU = Debug|Any CPU
		Release|Any CPU = Release|Any CPU
	EndGlobalSection
	GlobalSection(ProjectConfigurationPlatforms) = postSolution
		{D8AF8F48-59DD-4CDE-9550-8789577328AC}.Debug|Any CPU.ActiveCfg = Debug|Any CPU
		{D8AF8F48-59DD-4CDE-9550-8789577328AC}.Debug|Any CPU.Build.0 = Debug|Any CPU
		{D8AF8F48-59DD-4CDE-9550-8789577328AC}.Release|Any CPU.ActiveCfg = Release|Any CPU
		{D8AF8F48-59DD-4CDE-9550-8789577328AC}.Release|Any CPU.Build.0 = Release|Any CPU
		{848656AB-20C8-48CA-81C2-31A4355EE1C0}.Debug|Any CPU.ActiveCfg = Debug|Any CPU
		{848656AB-20C8-48CA-81C2-31A4355EE1C0}.Debug|Any CPU.Build.0 = Debug|Any CPU
		{848656AB-20C8-48CA-81C2-31A4355EE1C0}.Release|Any CPU.ActiveCfg = Release|Any CPU
		{848656AB-20C8-48CA-81C2-31A4355EE1C0}.Release|Any CPU.Build.0 = Release|Any CPU
		{9FB73090-8E99-44BF-B1F9-FC90A5D48D26}.Debug|Any CPU.ActiveCfg = Debug|Any CPU
		{9FB73090-8E99-44BF-B1F9-FC90A5D48D26}.Debug|Any CPU.Build.0 = Debug|Any CPU
		{9FB73090-8E99-44BF-B1F9-FC90A5D48D26}.Release|Any CPU.ActiveCfg = Release|Any CPU
		{9FB73090-8E99-44BF-B1F9-FC90A5D48D26}.Release|Any CPU.Build.0 = Release|Any CPU
		{4B3202EA-546C-4C94-8FC3-E1B96A4AE03D}.Debug|Any CPU.ActiveCfg = Debug|Any CPU
		{4B3202EA-546C-4C94-8FC3-E1B96A4AE03D}.Debug|Any CPU.Build.0 = Debug|Any CPU
		{4B3202EA-546C-4C94-8FC3-E1B96A4AE03D}.Release|Any CPU.ActiveCfg = Release|Any CPU
		{4B3202EA-546C-4C94-8FC3-E1B96A4AE03D}.Release|Any CPU.Build.0 = Release|Any CPU
	EndGlobalSection
	GlobalSection(SolutionProperties) = preSolution
		HideSolutionNode = FALSE
	EndGlobalSection
EndGlobal
